
Microsoft Visual Studio Solution File, Format Version 12.00
# Visual Studio Version 17
VisualStudioVersion = 17.4.33213.308
MinimumVisualStudioVersion = 10.0.40219.1
Project("{FAE04EC0-301F-11D3-BF4B-00C04F79EFBC}") = "MulticastChat", "MulticastChat\MulticastChat.csproj", "{A3EAC129-1A8F-401C-840F-0FAEF81E9982}"
EndProject
Global
	GlobalSection(SolutionConfigurationPlatforms) = preSolution
		Debug|Any CPU = Debug|Any CPU
		Release|Any CPU = Release|Any CPU
	EndGlobalSection
	GlobalSection(ProjectConfigurationPlatforms) = postSolution
		{A3EAC129-1A8F-401C-840F-0FAEF81E9982}.Debug|Any CPU.ActiveCfg = Debug|Any CPU
		{A3EAC129-1A8F-401C-840F-0FAEF81E9982}.Debug|Any CPU.Build.0 = Debug|Any CPU
		{A3EAC129-1A8F-401C-840F-0FAEF81E9982}.Release|Any CPU.ActiveCfg = Release|Any CPU
		{A3EAC129-1A8F-401C-840F-0FAEF81E9982}.Release|Any CPU.Build.0 = Release|Any CPU
	EndGlobalSection
	GlobalSection(SolutionProperties) = preSolution
		HideSolutionNode = FALSE
	EndGlobalSection
	GlobalSection(ExtensibilityGlobals) = postSolution
		SolutionGuid = {A8EBAB27-D38E-48A5-96BF-1D92D2F2F647}
	EndGlobalSection
EndGlobal
